
Microsoft Visual Studio Solution File, Format Version 12.00
# Visual Studio 15
VisualStudioVersion = 15.0.28307.329
MinimumVisualStudioVersion = 10.0.40219.1
Project("{FAE04EC0-301F-11D3-BF4B-00C04F79EFBC}") = "MerchantClient", "MerchantClient\MerchantClient.csproj", "{E171C895-2579-4D54-982A-2251E1137330}"
EndProject
Project("{FAE04EC0-301F-11D3-BF4B-00C04F79EFBC}") = "Utilities", "..\..\..\source\repos\Project1\Utilities\Utilities.csproj", "{491C821D-D0E1-4DAB-8F8A-5886056AF02F}"
EndProject
Project("{FAE04EC0-301F-11D3-BF4B-00C04F79EFBC}") = "MerchantAPI", "MerchantAPI\MerchantAPI.csproj", "{2228FE4E-E387-4116-8C03-2AAFB9528E50}"
EndProject
Global
	GlobalSection(SolutionConfigurationPlatforms) = preSolution
		Debug|Any CPU = Debug|Any CPU
		Release|Any CPU = Release|Any CPU
	EndGlobalSection
	GlobalSection(ProjectConfigurationPlatforms) = postSolution
		{E171C895-2579-4D54-982A-2251E1137330}.Debug|Any CPU.ActiveCfg = Debug|Any CPU
		{E171C895-2579-4D54-982A-2251E1137330}.Debug|Any CPU.Build.0 = Debug|Any CPU
		{E171C895-2579-4D54-982A-2251E1137330}.Release|Any CPU.ActiveCfg = Release|Any CPU
		{E171C895-2579-4D54-982A-2251E1137330}.Release|Any CPU.Build.0 = Release|Any CPU
		{491C821D-D0E1-4DAB-8F8A-5886056AF02F}.Debug|Any CPU.ActiveCfg = Debug|Any CPU
		{491C821D-D0E1-4DAB-8F8A-5886056AF02F}.Debug|Any CPU.Build.0 = Debug|Any CPU
		{491C821D-D0E1-4DAB-8F8A-5886056AF02F}.Release|Any CPU.ActiveCfg = Release|Any CPU
		{491C821D-D0E1-4DAB-8F8A-5886056AF02F}.Release|Any CPU.Build.0 = Release|Any CPU
		{2228FE4E-E387-4116-8C03-2AAFB9528E50}.Debug|Any CPU.ActiveCfg = Debug|Any CPU
		{2228FE4E-E387-4116-8C03-2AAFB9528E50}.Debug|Any CPU.Build.0 = Debug|Any CPU
		{2228FE4E-E387-4116-8C03-2AAFB9528E50}.Release|Any CPU.ActiveCfg = Release|Any CPU
		{2228FE4E-E387-4116-8C03-2AAFB9528E50}.Release|Any CPU.Build.0 = Release|Any CPU
	EndGlobalSection
	GlobalSection(SolutionProperties) = preSolution
		HideSolutionNode = FALSE
	EndGlobalSection
	GlobalSection(ExtensibilityGlobals) = postSolution
		SolutionGuid = {F25CE527-5ABC-4F40-AB57-8461F82D6F84}
	EndGlobalSection
EndGlobal
